
Microsoft Visual Studio Solution File, Format Version 12.00
# Visual Studio Version 17
VisualStudioVersion = 17.7.34024.191
MinimumVisualStudioVersion = 10.0.40219.1
Project("{2150E333-8FDC-42A3-9474-1A3956D46DE8}") = "Services", "Services", "{CE20B209-CE75-4B65-BF91-2BDA0110AF74}"
EndProject
Project("{2150E333-8FDC-42A3-9474-1A3956D46DE8}") = "Catalog", "Catalog", "{51CB3FCB-DFEC-4A5A-B70C-A622EFA5FC81}"
EndProject
Project("{9A19103F-16F7-4668-BE54-9A1E7A4F7556}") = "Catalog.API", "Services\Catalog\Catalog.API\Catalog.API.csproj", "{DB455036-0E00-42AC-9103-0FEE143937CB}"
EndProject
Project("{E53339B2-1760-4266-BCC7-CA923CBCF16C}") = "docker-compose", "docker-compose.dcproj", "{50F0D06A-8BD1-4AB5-8FA4-053FD6504863}"
EndProject
Project("{2150E333-8FDC-42A3-9474-1A3956D46DE8}") = "Basket", "Basket", "{E94B84C2-844A-45FC-98FC-1B723917EABF}"
EndProject
Project("{9A19103F-16F7-4668-BE54-9A1E7A4F7556}") = "Basket.API", "Services\Basket\Basket.API\Basket.API.csproj", "{B8475618-E621-467F-9BA5-73B33D34BBFE}"
EndProject
Project("{2150E333-8FDC-42A3-9474-1A3956D46DE8}") = "Discount", "Discount", "{EC8A1130-9B7E-4B06-ABFD-C69A142A6710}"
EndProject
Project("{9A19103F-16F7-4668-BE54-9A1E7A4F7556}") = "Discount.API", "Services\Discount\Discount.API\Discount.API.csproj", "{4E15A88E-DE15-4C2E-9213-4A9A4B291544}"
EndProject
Project("{9A19103F-16F7-4668-BE54-9A1E7A4F7556}") = "Discount.Grpc", "Services\Discount\Discount.Grpc\Discount.Grpc.csproj", "{C9105A99-6F6D-49C3-A0ED-AC82DE631978}"
EndProject
Project("{2150E333-8FDC-42A3-9474-1A3956D46DE8}") = "Ordering", "Ordering", "{A2D78D30-34D3-402E-B0CF-863920A91E01}"
EndProject
Project("{FAE04EC0-301F-11D3-BF4B-00C04F79EFBC}") = "Ordering.API", "Services\Ordering\Ordering.API\Ordering.API.csproj", "{60091D09-333D-4201-B884-0370F440DA79}"
EndProject
Project("{FAE04EC0-301F-11D3-BF4B-00C04F79EFBC}") = "Ordering.Domain", "Services\Ordering\Ordering.Domain\Ordering.Domain.csproj", "{512BE33F-AEDF-439F-B758-EF6B51106C6F}"
EndProject
Project("{FAE04EC0-301F-11D3-BF4B-00C04F79EFBC}") = "Ordering.Application", "Services\Ordering\Ordering.Application\Ordering.Application.csproj", "{0B73C528-DC76-40BF-A397-057C532C9A64}"
EndProject
Project("{FAE04EC0-301F-11D3-BF4B-00C04F79EFBC}") = "Ordering.Infrastructure", "Services\Ordering\Ordering.Infrastructure\Ordering.Infrastructure.csproj", "{88997929-EC67-42DF-8E83-702CBE153F91}"
EndProject
Global
	GlobalSection(SolutionConfigurationPlatforms) = preSolution
		Debug|Any CPU = Debug|Any CPU
		Release|Any CPU = Release|Any CPU
	EndGlobalSection
	GlobalSection(ProjectConfigurationPlatforms) = postSolution
		{DB455036-0E00-42AC-9103-0FEE143937CB}.Debug|Any CPU.ActiveCfg = Debug|Any CPU
		{DB455036-0E00-42AC-9103-0FEE143937CB}.Debug|Any CPU.Build.0 = Debug|Any CPU
		{DB455036-0E00-42AC-9103-0FEE143937CB}.Release|Any CPU.ActiveCfg = Release|Any CPU
		{DB455036-0E00-42AC-9103-0FEE143937CB}.Release|Any CPU.Build.0 = Release|Any CPU
		{50F0D06A-8BD1-4AB5-8FA4-053FD6504863}.Debug|Any CPU.ActiveCfg = Debug|Any CPU
		{50F0D06A-8BD1-4AB5-8FA4-053FD6504863}.Debug|Any CPU.Build.0 = Debug|Any CPU
		{50F0D06A-8BD1-4AB5-8FA4-053FD6504863}.Release|Any CPU.ActiveCfg = Release|Any CPU
		{50F0D06A-8BD1-4AB5-8FA4-053FD6504863}.Release|Any CPU.Build.0 = Release|Any CPU
		{B8475618-E621-467F-9BA5-73B33D34BBFE}.Debug|Any CPU.ActiveCfg = Debug|Any CPU
		{B8475618-E621-467F-9BA5-73B33D34BBFE}.Debug|Any CPU.Build.0 = Debug|Any CPU
		{B8475618-E621-467F-9BA5-73B33D34BBFE}.Release|Any CPU.ActiveCfg = Release|Any CPU
		{B8475618-E621-467F-9BA5-73B33D34BBFE}.Release|Any CPU.Build.0 = Release|Any CPU
		{4E15A88E-DE15-4C2E-9213-4A9A4B291544}.Debug|Any CPU.ActiveCfg = Debug|Any CPU
		{4E15A88E-DE15-4C2E-9213-4A9A4B291544}.Debug|Any CPU.Build.0 = Debug|Any CPU
		{4E15A88E-DE15-4C2E-9213-4A9A4B291544}.Release|Any CPU.ActiveCfg = Release|Any CPU
		{4E15A88E-DE15-4C2E-9213-4A9A4B291544}.Release|Any CPU.Build.0 = Release|Any CPU
		{C9105A99-6F6D-49C3-A0ED-AC82DE631978}.Debug|Any CPU.ActiveCfg = Debug|Any CPU
		{C9105A99-6F6D-49C3-A0ED-AC82DE631978}.Debug|Any CPU.Build.0 = Debug|Any CPU
		{C9105A99-6F6D-49C3-A0ED-AC82DE631978}.Release|Any CPU.ActiveCfg = Release|Any CPU
		{C9105A99-6F6D-49C3-A0ED-AC82DE631978}.Release|Any CPU.Build.0 = Release|Any CPU
		{60091D09-333D-4201-B884-0370F440DA79}.Debug|Any CPU.ActiveCfg = Debug|Any CPU
		{60091D09-333D-4201-B884-0370F440DA79}.Debug|Any CPU.Build.0 = Debug|Any CPU
		{60091D09-333D-4201-B884-0370F440DA79}.Release|Any CPU.ActiveCfg = Release|Any CPU
		{60091D09-333D-4201-B884-0370F440DA79}.Release|Any CPU.Build.0 = Release|Any CPU
		{512BE33F-AEDF-439F-B758-EF6B51106C6F}.Debug|Any CPU.ActiveCfg = Debug|Any CPU
		{512BE33F-AEDF-439F-B758-EF6B51106C6F}.Debug|Any CPU.Build.0 = Debug|Any CPU
		{512BE33F-AEDF-439F-B758-EF6B51106C6F}.Release|Any CPU.ActiveCfg = Release|Any CPU
		{512BE33F-AEDF-439F-B758-EF6B51106C6F}.Release|Any CPU.Build.0 = Release|Any CPU
		{0B73C528-DC76-40BF-A397-057C532C9A64}.Debug|Any CPU.ActiveCfg = Debug|Any CPU
		{0B73C528-DC76-40BF-A397-057C532C9A64}.Debug|Any CPU.Build.0 = Debug|Any CPU
		{0B73C528-DC76-40BF-A397-057C532C9A64}.Release|Any CPU.ActiveCfg = Release|Any CPU
		{0B73C528-DC76-40BF-A397-057C532C9A64}.Release|Any CPU.Build.0 = Release|Any CPU
		{88997929-EC67-42DF-8E83-702CBE153F91}.Debug|Any CPU.ActiveCfg = Debug|Any CPU
		{88997929-EC67-42DF-8E83-702CBE153F91}.Debug|Any CPU.Build.0 = Debug|Any CPU
		{88997929-EC67-42DF-8E83-702CBE153F91}.Release|Any CPU.ActiveCfg = Release|Any CPU
		{88997929-EC67-42DF-8E83-702CBE153F91}.Release|Any CPU.Build.0 = Release|Any CPU
	EndGlobalSection
	GlobalSection(SolutionProperties) = preSolution
		HideSolutionNode = FALSE
	EndGlobalSection
	GlobalSection(NestedProjects) = preSolution
		{51CB3FCB-DFEC-4A5A-B70C-A622EFA5FC81} = {CE20B209-CE75-4B65-BF91-2BDA0110AF74}
		{DB455036-0E00-42AC-9103-0FEE143937CB} = {51CB3FCB-DFEC-4A5A-B70C-A622EFA5FC81}
		{E94B84C2-844A-45FC-98FC-1B723917EABF} = {CE20B209-CE75-4B65-BF91-2BDA0110AF74}
		{B8475618-E621-467F-9BA5-73B33D34BBFE} = {E94B84C2-844A-45FC-98FC-1B723917EABF}
		{EC8A1130-9B7E-4B06-ABFD-C69A142A6710} = {CE20B209-CE75-4B65-BF91-2BDA0110AF74}
		{4E15A88E-DE15-4C2E-9213-4A9A4B291544} = {EC8A1130-9B7E-4B06-ABFD-C69A142A6710}
		{C9105A99-6F6D-49C3-A0ED-AC82DE631978} = {EC8A1130-9B7E-4B06-ABFD-C69A142A6710}
		{A2D78D30-34D3-402E-B0CF-863920A91E01} = {CE20B209-CE75-4B65-BF91-2BDA0110AF74}
		{60091D09-333D-4201-B884-0370F440DA79} = {A2D78D30-34D3-402E-B0CF-863920A91E01}
		{512BE33F-AEDF-439F-B758-EF6B51106C6F} = {A2D78D30-34D3-402E-B0CF-863920A91E01}
		{0B73C528-DC76-40BF-A397-057C532C9A64} = {A2D78D30-34D3-402E-B0CF-863920A91E01}
		{88997929-EC67-42DF-8E83-702CBE153F91} = {A2D78D30-34D3-402E-B0CF-863920A91E01}
	EndGlobalSection
	GlobalSection(ExtensibilityGlobals) = postSolution
		SolutionGuid = {855084B6-F888-4E30-A9BD-15DA73335EBC}
	EndGlobalSection
EndGlobal
